speakeasyVersion: 1.546.1
sources:
    Zenobia Intelligent Automation Platform API:
        sourceNamespace: zenobia-intelligent-automation-platform-api
        sourceRevisionDigest: sha256:a716ef645e12e8678451838b852796074878d658a25f745645679b39abdc45a8
        sourceBlobDigest: sha256:0c8d7bd4c35bf5b9ffa4817986135614df2bde763eaece2e154c49865c8ef6c5
        tags:
            - latest
            - speakeasy-sdk-regen-1747494410
            - 0.1.0
targets:
    iris-sdk:
        source: Zenobia Intelligent Automation Platform API
        sourceNamespace: zenobia-intelligent-automation-platform-api
        sourceRevisionDigest: sha256:a716ef645e12e8678451838b852796074878d658a25f745645679b39abdc45a8
        sourceBlobDigest: sha256:0c8d7bd4c35bf5b9ffa4817986135614df2bde763eaece2e154c49865c8ef6c5
        codeSamplesNamespace: zenobia-intelligent-automation-platform-api-typescript-code-samples
        codeSamplesRevisionDigest: sha256:745785aacd3078db943a908cc5dfac663552848be782b4e1486a0008e3d8c671
workflow:
    workflowVersion: 1.0.0
    speakeasyVersion: latest
    sources:
        Zenobia Intelligent Automation Platform API:
            inputs:
                - location: https://raw.githubusercontent.com/pokemonlabs/iris.release/refs/heads/main/openapi.json
            overlays:
                - location: .speakeasy/speakeasy-modifications-overlay.yaml
            registry:
                location: registry.speakeasyapi.dev/iris-ed/main/zenobia-intelligent-automation-platform-api
    targets:
        iris-sdk:
            target: typescript
            source: Zenobia Intelligent Automation Platform API
            codeSamples:
                registry:
                    location: registry.speakeasyapi.dev/iris-ed/main/zenobia-intelligent-automation-platform-api-typescript-code-samples
                blocking: false
