speakeasyVersion: 1.796.4
sources:
    Zenobia Intelligent Automation Platform API:
        sourceNamespace: zenobia-intelligent-automation-platform-api
        sourceRevisionDigest: sha256:ea4b8a9c6626f56d0ffc83f09030835c29d28d8f19e4b0d4852c436f05526c6a
        sourceBlobDigest: sha256:0c542bb68a616a48ad0f885a68e8c0721b95494b591167cc76ee3641a98ef1af
        tags:
            - latest
            - 0.1.0
targets:
    iris-sdk:
        source: Zenobia Intelligent Automation Platform API
        sourceNamespace: zenobia-intelligent-automation-platform-api
        sourceRevisionDigest: sha256:ea4b8a9c6626f56d0ffc83f09030835c29d28d8f19e4b0d4852c436f05526c6a
        sourceBlobDigest: sha256:0c542bb68a616a48ad0f885a68e8c0721b95494b591167cc76ee3641a98ef1af
        codeSamplesNamespace: zenobia-intelligent-automation-platform-api-typescript-code-samples
        codeSamplesRevisionDigest: sha256:b5c0efb7dd999be0d0ef0e9aa84431202142d5942b21cd5433b06e872147780a
workflow:
    workflowVersion: 1.0.0
    speakeasyVersion: latest
    sources:
        Zenobia Intelligent Automation Platform API:
            inputs:
                - location: https://raw.githubusercontent.com/pokemonlabs/iris.release/refs/heads/main/openapi.json
            overlays:
                - location: .speakeasy/speakeasy-modifications-overlay.yaml
            registry:
                location: registry.speakeasyapi.dev/iris-ed/main/zenobia-intelligent-automation-platform-api
    targets:
        iris-sdk:
            target: typescript
            source: Zenobia Intelligent Automation Platform API
            codeSamples:
                registry:
                    location: registry.speakeasyapi.dev/iris-ed/main/zenobia-intelligent-automation-platform-api-typescript-code-samples
                blocking: false
